
Microsoft Visual Studio Solution File, Format Version 12.00
# Visual Studio 14
VisualStudioVersion = 14.0.25420.1
MinimumVisualStudioVersion = 10.0.40219.1
Project("{FAE04EC0-301F-11D3-BF4B-00C04F79EFBC}") = "Middleware", "Middleware.csproj", "{B6C63B5E-3E21-40C0-8686-478D8C6A6AFC}"
EndProject
Project("{FAE04EC0-301F-11D3-BF4B-00C04F79EFBC}") = "MiddlewareTests", "MiddlewareTests\MiddlewareTests.csproj", "{F80EA499-140E-40CA-BADC-0CB4C886587D}"
EndProject
Project("{FAE04EC0-301F-11D3-BF4B-00C04F79EFBC}") = "MiddlewareInterfaces", "MiddlewareInterfaces\MiddlewareInterfaces.csproj", "{B4CD8390-6FBD-4D51-97B1-C4F8E76D008E}"
EndProject
Project("{FAE04EC0-301F-11D3-BF4B-00C04F79EFBC}") = "MiddlewareNetClient", "MiddlewareNetClient\MiddlewareNetClient.csproj", "{152D50D9-E40E-414D-A789-0707FAA0BE78}"
EndProject
Global
	GlobalSection(SolutionConfigurationPlatforms) = preSolution
		Debug|x64 = Debug|x64
		Release|x64 = Release|x64
	EndGlobalSection
	GlobalSection(ProjectConfigurationPlatforms) = postSolution
		{B6C63B5E-3E21-40C0-8686-478D8C6A6AFC}.Debug|x64.ActiveCfg = Debug|x64
		{B6C63B5E-3E21-40C0-8686-478D8C6A6AFC}.Debug|x64.Build.0 = Debug|x64
		{B6C63B5E-3E21-40C0-8686-478D8C6A6AFC}.Release|x64.ActiveCfg = Release|x64
		{B6C63B5E-3E21-40C0-8686-478D8C6A6AFC}.Release|x64.Build.0 = Release|x64
		{F80EA499-140E-40CA-BADC-0CB4C886587D}.Debug|x64.ActiveCfg = Debug|x64
		{F80EA499-140E-40CA-BADC-0CB4C886587D}.Debug|x64.Build.0 = Debug|x64
		{F80EA499-140E-40CA-BADC-0CB4C886587D}.Release|x64.ActiveCfg = Release|x64
		{F80EA499-140E-40CA-BADC-0CB4C886587D}.Release|x64.Build.0 = Release|x64
		{B4CD8390-6FBD-4D51-97B1-C4F8E76D008E}.Debug|x64.ActiveCfg = Debug|x64
		{B4CD8390-6FBD-4D51-97B1-C4F8E76D008E}.Debug|x64.Build.0 = Debug|x64
		{B4CD8390-6FBD-4D51-97B1-C4F8E76D008E}.Release|x64.ActiveCfg = Release|x64
		{B4CD8390-6FBD-4D51-97B1-C4F8E76D008E}.Release|x64.Build.0 = Release|x64
		{152D50D9-E40E-414D-A789-0707FAA0BE78}.Debug|x64.ActiveCfg = Debug|x64
		{152D50D9-E40E-414D-A789-0707FAA0BE78}.Debug|x64.Build.0 = Debug|x64
		{152D50D9-E40E-414D-A789-0707FAA0BE78}.Release|x64.ActiveCfg = Release|x64
		{152D50D9-E40E-414D-A789-0707FAA0BE78}.Release|x64.Build.0 = Release|x64
	EndGlobalSection
	GlobalSection(SolutionProperties) = preSolution
		HideSolutionNode = FALSE
	EndGlobalSection
EndGlobal
