
Microsoft Visual Studio Solution File, Format Version 12.00
# Visual Studio 14
VisualStudioVersion = 14.0.25123.0
MinimumVisualStudioVersion = 10.0.40219.1
Project("{8BC9CEB8-8B4A-11D0-8D11-00A0C91BC942}") = "MiddlewareClientLib", "MiddlewareClientLib\MiddlewareClientLib.vcxproj", "{D76F34C7-2AE0-4055-BE19-C74AB0D8F6C1}"
EndProject
Project("{8BC9CEB8-8B4A-11D0-8D11-00A0C91BC942}") = "MiddlewareClientLibTest", "MiddlewareClientLibTest\MiddlewareClientLibTest.vcxproj", "{5313D48D-FDD6-4A14-9F9A-997762F389E3}"
	ProjectSection(ProjectDependencies) = postProject
		{D76F34C7-2AE0-4055-BE19-C74AB0D8F6C1} = {D76F34C7-2AE0-4055-BE19-C74AB0D8F6C1}
	EndProjectSection
EndProject
Project("{8BC9CEB8-8B4A-11D0-8D11-00A0C91BC942}") = "TestMiddlewareConsoleApp", "TestMiddlewareConsoleApp\TestMiddlewareConsoleApp.vcxproj", "{E916EC07-73DF-4EC5-8A63-4C76FA0B988F}"
	ProjectSection(ProjectDependencies) = postProject
		{D76F34C7-2AE0-4055-BE19-C74AB0D8F6C1} = {D76F34C7-2AE0-4055-BE19-C74AB0D8F6C1}
	EndProjectSection
EndProject
Global
	GlobalSection(SolutionConfigurationPlatforms) = preSolution
		Debug|x64 = Debug|x64
		Debug|x86 = Debug|x86
		Release|x64 = Release|x64
		Release|x86 = Release|x86
	EndGlobalSection
	GlobalSection(ProjectConfigurationPlatforms) = postSolution
		{D76F34C7-2AE0-4055-BE19-C74AB0D8F6C1}.Debug|x64.ActiveCfg = Debug|x64
		{D76F34C7-2AE0-4055-BE19-C74AB0D8F6C1}.Debug|x64.Build.0 = Debug|x64
		{D76F34C7-2AE0-4055-BE19-C74AB0D8F6C1}.Debug|x86.ActiveCfg = Debug|Win32
		{D76F34C7-2AE0-4055-BE19-C74AB0D8F6C1}.Debug|x86.Build.0 = Debug|Win32
		{D76F34C7-2AE0-4055-BE19-C74AB0D8F6C1}.Release|x64.ActiveCfg = Release|x64
		{D76F34C7-2AE0-4055-BE19-C74AB0D8F6C1}.Release|x64.Build.0 = Release|x64
		{D76F34C7-2AE0-4055-BE19-C74AB0D8F6C1}.Release|x86.ActiveCfg = Release|Win32
		{D76F34C7-2AE0-4055-BE19-C74AB0D8F6C1}.Release|x86.Build.0 = Release|Win32
		{5313D48D-FDD6-4A14-9F9A-997762F389E3}.Debug|x64.ActiveCfg = Debug|x64
		{5313D48D-FDD6-4A14-9F9A-997762F389E3}.Debug|x64.Build.0 = Debug|x64
		{5313D48D-FDD6-4A14-9F9A-997762F389E3}.Debug|x86.ActiveCfg = Debug|Win32
		{5313D48D-FDD6-4A14-9F9A-997762F389E3}.Debug|x86.Build.0 = Debug|Win32
		{5313D48D-FDD6-4A14-9F9A-997762F389E3}.Release|x64.ActiveCfg = Release|x64
		{5313D48D-FDD6-4A14-9F9A-997762F389E3}.Release|x64.Build.0 = Release|x64
		{5313D48D-FDD6-4A14-9F9A-997762F389E3}.Release|x86.ActiveCfg = Release|Win32
		{5313D48D-FDD6-4A14-9F9A-997762F389E3}.Release|x86.Build.0 = Release|Win32
		{E916EC07-73DF-4EC5-8A63-4C76FA0B988F}.Debug|x64.ActiveCfg = Debug|x64
		{E916EC07-73DF-4EC5-8A63-4C76FA0B988F}.Debug|x64.Build.0 = Debug|x64
		{E916EC07-73DF-4EC5-8A63-4C76FA0B988F}.Debug|x86.ActiveCfg = Debug|Win32
		{E916EC07-73DF-4EC5-8A63-4C76FA0B988F}.Debug|x86.Build.0 = Debug|Win32
		{E916EC07-73DF-4EC5-8A63-4C76FA0B988F}.Release|x64.ActiveCfg = Release|x64
		{E916EC07-73DF-4EC5-8A63-4C76FA0B988F}.Release|x64.Build.0 = Release|x64
		{E916EC07-73DF-4EC5-8A63-4C76FA0B988F}.Release|x86.ActiveCfg = Release|Win32
		{E916EC07-73DF-4EC5-8A63-4C76FA0B988F}.Release|x86.Build.0 = Release|Win32
	EndGlobalSection
	GlobalSection(SolutionProperties) = preSolution
		HideSolutionNode = FALSE
	EndGlobalSection
EndGlobal
